
Microsoft Visual Studio Solution File, Format Version 12.00
# Visual Studio Version 17
VisualStudioVersion = 17.7.34024.191
MinimumVisualStudioVersion = 10.0.40219.1
Project("{FAE04EC0-301F-11D3-BF4B-00C04F79EFBC}") = "InsertSort", "InsertSort.csproj", "{803E1786-2458-43CE-837E-484E7B305E31}"
EndProject
Global
	GlobalSection(SolutionConfigurationPlatforms) = preSolution
		Debug|Any CPU = Debug|Any CPU
		Release|Any CPU = Release|Any CPU
	EndGlobalSection
	GlobalSection(ProjectConfigurationPlatforms) = postSolution
		{803E1786-2458-43CE-837E-484E7B305E31}.Debug|Any CPU.ActiveCfg = Debug|Any CPU
		{803E1786-2458-43CE-837E-484E7B305E31}.Debug|Any CPU.Build.0 = Debug|Any CPU
		{803E1786-2458-43CE-837E-484E7B305E31}.Release|Any CPU.ActiveCfg = Release|Any CPU
		{803E1786-2458-43CE-837E-484E7B305E31}.Release|Any CPU.Build.0 = Release|Any CPU
	EndGlobalSection
	GlobalSection(SolutionProperties) = preSolution
		HideSolutionNode = FALSE
	EndGlobalSection
	GlobalSection(ExtensibilityGlobals) = postSolution
		SolutionGuid = {7A144B29-CCE9-4E28-9BF8-42EDB20777E4}
	EndGlobalSection
EndGlobal
